
Microsoft Visual Studio Solution File, Format Version 12.00
# Visual Studio Version 16
VisualStudioVersion = 16.0.31702.278
MinimumVisualStudioVersion = 10.0.40219.1
Project("{8BC9CEB8-8B4A-11D0-8D11-00A0C91BC942}") = "TASK6 - BEST COPY", "TASK6 - BEST COPY.vcxproj", "{059D6AEE-A095-43F9-87C9-0658AA920AF8}"
EndProject
Global
	GlobalSection(SolutionConfigurationPlatforms) = preSolution
		Debug|x64 = Debug|x64
		Debug|x86 = Debug|x86
		Release|x64 = Release|x64
		Release|x86 = Release|x86
	EndGlobalSection
	GlobalSection(ProjectConfigurationPlatforms) = postSolution
		{059D6AEE-A095-43F9-87C9-0658AA920AF8}.Debug|x64.ActiveCfg = Debug|x64
		{059D6AEE-A095-43F9-87C9-0658AA920AF8}.Debug|x64.Build.0 = Debug|x64
		{059D6AEE-A095-43F9-87C9-0658AA920AF8}.Debug|x86.ActiveCfg = Debug|Win32
		{059D6AEE-A095-43F9-87C9-0658AA920AF8}.Debug|x86.Build.0 = Debug|Win32
		{059D6AEE-A095-43F9-87C9-0658AA920AF8}.Release|x64.ActiveCfg = Release|x64
		{059D6AEE-A095-43F9-87C9-0658AA920AF8}.Release|x64.Build.0 = Release|x64
		{059D6AEE-A095-43F9-87C9-0658AA920AF8}.Release|x86.ActiveCfg = Release|Win32
		{059D6AEE-A095-43F9-87C9-0658AA920AF8}.Release|x86.Build.0 = Release|Win32
	EndGlobalSection
	GlobalSection(SolutionProperties) = preSolution
		HideSolutionNode = FALSE
	EndGlobalSection
	GlobalSection(ExtensibilityGlobals) = postSolution
		SolutionGuid = {EE68455A-D3B9-474A-8D42-17C7EBC48805}
	EndGlobalSection
EndGlobal
