
Microsoft Visual Studio Solution File, Format Version 12.00
# Visual Studio Version 16
VisualStudioVersion = 16.0.31702.278
MinimumVisualStudioVersion = 10.0.40219.1
Project("{8BC9CEB8-8B4A-11D0-8D11-00A0C91BC942}") = "TasksInTerminalClass", "TasksInTerminalClass\TasksInTerminalClass.vcxproj", "{D7ACA5C5-2D19-4147-AD3C-A7FC058193C4}"
EndProject
Global
	GlobalSection(SolutionConfigurationPlatforms) = preSolution
		Debug|x64 = Debug|x64
		Debug|x86 = Debug|x86
		Release|x64 = Release|x64
		Release|x86 = Release|x86
	EndGlobalSection
	GlobalSection(ProjectConfigurationPlatforms) = postSolution
		{D7ACA5C5-2D19-4147-AD3C-A7FC058193C4}.Debug|x64.ActiveCfg = Debug|x64
		{D7ACA5C5-2D19-4147-AD3C-A7FC058193C4}.Debug|x64.Build.0 = Debug|x64
		{D7ACA5C5-2D19-4147-AD3C-A7FC058193C4}.Debug|x86.ActiveCfg = Debug|Win32
		{D7ACA5C5-2D19-4147-AD3C-A7FC058193C4}.Debug|x86.Build.0 = Debug|Win32
		{D7ACA5C5-2D19-4147-AD3C-A7FC058193C4}.Release|x64.ActiveCfg = Release|x64
		{D7ACA5C5-2D19-4147-AD3C-A7FC058193C4}.Release|x64.Build.0 = Release|x64
		{D7ACA5C5-2D19-4147-AD3C-A7FC058193C4}.Release|x86.ActiveCfg = Release|Win32
		{D7ACA5C5-2D19-4147-AD3C-A7FC058193C4}.Release|x86.Build.0 = Release|Win32
	EndGlobalSection
	GlobalSection(SolutionProperties) = preSolution
		HideSolutionNode = FALSE
	EndGlobalSection
	GlobalSection(ExtensibilityGlobals) = postSolution
		SolutionGuid = {8836A545-D656-4326-A76B-E9C43E57D46B}
	EndGlobalSection
EndGlobal
