
Microsoft Visual Studio Solution File, Format Version 12.00
# Visual Studio Version 16
VisualStudioVersion = 16.0.30907.101
MinimumVisualStudioVersion = 10.0.40219.1
Project("{8BC9CEB8-8B4A-11D0-8D11-00A0C91BC942}") = "Task2", "Task2\Task2.vcxproj", "{65DECEAA-BD51-4BCD-BA22-711452EC5FC1}"
EndProject
Project("{8BC9CEB8-8B4A-11D0-8D11-00A0C91BC942}") = "Task0", "Task0\Task0.vcxproj", "{292A14C4-C343-4F8F-90E9-6B92EB24E6AF}"
EndProject
Global
	GlobalSection(SolutionConfigurationPlatforms) = preSolution
		Debug|x64 = Debug|x64
		Debug|x86 = Debug|x86
		Release|x64 = Release|x64
		Release|x86 = Release|x86
	EndGlobalSection
	GlobalSection(ProjectConfigurationPlatforms) = postSolution
		{65DECEAA-BD51-4BCD-BA22-711452EC5FC1}.Debug|x64.ActiveCfg = Debug|x64
		{65DECEAA-BD51-4BCD-BA22-711452EC5FC1}.Debug|x64.Build.0 = Debug|x64
		{65DECEAA-BD51-4BCD-BA22-711452EC5FC1}.Debug|x86.ActiveCfg = Debug|Win32
		{65DECEAA-BD51-4BCD-BA22-711452EC5FC1}.Debug|x86.Build.0 = Debug|Win32
		{65DECEAA-BD51-4BCD-BA22-711452EC5FC1}.Release|x64.ActiveCfg = Release|x64
		{65DECEAA-BD51-4BCD-BA22-711452EC5FC1}.Release|x64.Build.0 = Release|x64
		{65DECEAA-BD51-4BCD-BA22-711452EC5FC1}.Release|x86.ActiveCfg = Release|Win32
		{65DECEAA-BD51-4BCD-BA22-711452EC5FC1}.Release|x86.Build.0 = Release|Win32
		{292A14C4-C343-4F8F-90E9-6B92EB24E6AF}.Debug|x64.ActiveCfg = Debug|x64
		{292A14C4-C343-4F8F-90E9-6B92EB24E6AF}.Debug|x64.Build.0 = Debug|x64
		{292A14C4-C343-4F8F-90E9-6B92EB24E6AF}.Debug|x86.ActiveCfg = Debug|Win32
		{292A14C4-C343-4F8F-90E9-6B92EB24E6AF}.Debug|x86.Build.0 = Debug|Win32
		{292A14C4-C343-4F8F-90E9-6B92EB24E6AF}.Release|x64.ActiveCfg = Release|x64
		{292A14C4-C343-4F8F-90E9-6B92EB24E6AF}.Release|x64.Build.0 = Release|x64
		{292A14C4-C343-4F8F-90E9-6B92EB24E6AF}.Release|x86.ActiveCfg = Release|Win32
		{292A14C4-C343-4F8F-90E9-6B92EB24E6AF}.Release|x86.Build.0 = Release|Win32
	EndGlobalSection
	GlobalSection(SolutionProperties) = preSolution
		HideSolutionNode = FALSE
	EndGlobalSection
	GlobalSection(ExtensibilityGlobals) = postSolution
		SolutionGuid = {EA17D9FD-A15A-4E5B-BE44-9E9DE42DD8E7}
	EndGlobalSection
EndGlobal
