
Microsoft Visual Studio Solution File, Format Version 12.00
# Visual Studio Version 16
VisualStudioVersion = 16.0.31624.102
MinimumVisualStudioVersion = 10.0.40219.1
Project("{8BC9CEB8-8B4A-11D0-8D11-00A0C91BC942}") = "Task0", "Task0\Task0.vcxproj", "{FC1A4A35-BC97-4E24-A02C-6A4B9843417A}"
EndProject
Project("{8BC9CEB8-8B4A-11D0-8D11-00A0C91BC942}") = "Task1", "Task1\Task1.vcxproj", "{17317F50-900F-4C03-8107-7693DE7A6E70}"
EndProject
Global
	GlobalSection(SolutionConfigurationPlatforms) = preSolution
		Debug|x64 = Debug|x64
		Debug|x86 = Debug|x86
		Release|x64 = Release|x64
		Release|x86 = Release|x86
	EndGlobalSection
	GlobalSection(ProjectConfigurationPlatforms) = postSolution
		{FC1A4A35-BC97-4E24-A02C-6A4B9843417A}.Debug|x64.ActiveCfg = Debug|x64
		{FC1A4A35-BC97-4E24-A02C-6A4B9843417A}.Debug|x64.Build.0 = Debug|x64
		{FC1A4A35-BC97-4E24-A02C-6A4B9843417A}.Debug|x86.ActiveCfg = Debug|Win32
		{FC1A4A35-BC97-4E24-A02C-6A4B9843417A}.Debug|x86.Build.0 = Debug|Win32
		{FC1A4A35-BC97-4E24-A02C-6A4B9843417A}.Release|x64.ActiveCfg = Release|x64
		{FC1A4A35-BC97-4E24-A02C-6A4B9843417A}.Release|x64.Build.0 = Release|x64
		{FC1A4A35-BC97-4E24-A02C-6A4B9843417A}.Release|x86.ActiveCfg = Release|Win32
		{FC1A4A35-BC97-4E24-A02C-6A4B9843417A}.Release|x86.Build.0 = Release|Win32
		{17317F50-900F-4C03-8107-7693DE7A6E70}.Debug|x64.ActiveCfg = Debug|x64
		{17317F50-900F-4C03-8107-7693DE7A6E70}.Debug|x64.Build.0 = Debug|x64
		{17317F50-900F-4C03-8107-7693DE7A6E70}.Debug|x86.ActiveCfg = Debug|Win32
		{17317F50-900F-4C03-8107-7693DE7A6E70}.Debug|x86.Build.0 = Debug|Win32
		{17317F50-900F-4C03-8107-7693DE7A6E70}.Release|x64.ActiveCfg = Release|x64
		{17317F50-900F-4C03-8107-7693DE7A6E70}.Release|x64.Build.0 = Release|x64
		{17317F50-900F-4C03-8107-7693DE7A6E70}.Release|x86.ActiveCfg = Release|Win32
		{17317F50-900F-4C03-8107-7693DE7A6E70}.Release|x86.Build.0 = Release|Win32
	EndGlobalSection
	GlobalSection(SolutionProperties) = preSolution
		HideSolutionNode = FALSE
	EndGlobalSection
	GlobalSection(ExtensibilityGlobals) = postSolution
		SolutionGuid = {6711388D-B0CE-4CC0-947D-177F6DD4C056}
	EndGlobalSection
EndGlobal
