
Microsoft Visual Studio Solution File, Format Version 12.00
# Visual Studio Version 16
VisualStudioVersion = 16.0.31702.278
MinimumVisualStudioVersion = 10.0.40219.1
Project("{8BC9CEB8-8B4A-11D0-8D11-00A0C91BC942}") = "Task0", "Task0\Task0.vcxproj", "{64E8033E-B80E-44A1-B469-0B18A19B9925}"
EndProject
Global
	GlobalSection(SolutionConfigurationPlatforms) = preSolution
		Debug|x64 = Debug|x64
		Debug|x86 = Debug|x86
		Release|x64 = Release|x64
		Release|x86 = Release|x86
	EndGlobalSection
	GlobalSection(ProjectConfigurationPlatforms) = postSolution
		{64E8033E-B80E-44A1-B469-0B18A19B9925}.Debug|x64.ActiveCfg = Debug|x64
		{64E8033E-B80E-44A1-B469-0B18A19B9925}.Debug|x64.Build.0 = Debug|x64
		{64E8033E-B80E-44A1-B469-0B18A19B9925}.Debug|x86.ActiveCfg = Debug|Win32
		{64E8033E-B80E-44A1-B469-0B18A19B9925}.Debug|x86.Build.0 = Debug|Win32
		{64E8033E-B80E-44A1-B469-0B18A19B9925}.Release|x64.ActiveCfg = Release|x64
		{64E8033E-B80E-44A1-B469-0B18A19B9925}.Release|x64.Build.0 = Release|x64
		{64E8033E-B80E-44A1-B469-0B18A19B9925}.Release|x86.ActiveCfg = Release|Win32
		{64E8033E-B80E-44A1-B469-0B18A19B9925}.Release|x86.Build.0 = Release|Win32
	EndGlobalSection
	GlobalSection(SolutionProperties) = preSolution
		HideSolutionNode = FALSE
	EndGlobalSection
	GlobalSection(ExtensibilityGlobals) = postSolution
		SolutionGuid = {7B2FBEE5-2214-4FCF-B1CD-9EB9199E3CBF}
	EndGlobalSection
EndGlobal
