
Microsoft Visual Studio Solution File, Format Version 12.00
# Visual Studio Version 16
VisualStudioVersion = 16.0.30717.126
MinimumVisualStudioVersion = 10.0.40219.1
Project("{8BC9CEB8-8B4A-11D0-8D11-00A0C91BC942}") = "HW-1.1", "HW-1\HW-1.vcxproj", "{991F2A51-FF21-42F6-909C-E673989D703D}"
EndProject
Project("{8BC9CEB8-8B4A-11D0-8D11-00A0C91BC942}") = "HW-1.2", "HW-1.2\HW-1.2.vcxproj", "{10C79ACD-6603-4D9A-926B-134F4DEE5A3A}"
EndProject
Project("{8BC9CEB8-8B4A-11D0-8D11-00A0C91BC942}") = "HW-2.2", "HW-2.2\HW-2.2.vcxproj", "{8C288DF2-EADB-40AD-BA45-2BBF0AFA8829}"
EndProject
Project("{8BC9CEB8-8B4A-11D0-8D11-00A0C91BC942}") = "HW-2.2 wihout string", "HW-2.2 wihout string\HW-2.2 wihout string.vcxproj", "{1AEE4A83-7B48-4520-8083-0FE94F481552}"
EndProject
Global
	GlobalSection(SolutionConfigurationPlatforms) = preSolution
		Debug|x64 = Debug|x64
		Debug|x86 = Debug|x86
		Release|x64 = Release|x64
		Release|x86 = Release|x86
	EndGlobalSection
	GlobalSection(ProjectConfigurationPlatforms) = postSolution
		{991F2A51-FF21-42F6-909C-E673989D703D}.Debug|x64.ActiveCfg = Debug|x64
		{991F2A51-FF21-42F6-909C-E673989D703D}.Debug|x64.Build.0 = Debug|x64
		{991F2A51-FF21-42F6-909C-E673989D703D}.Debug|x86.ActiveCfg = Debug|Win32
		{991F2A51-FF21-42F6-909C-E673989D703D}.Debug|x86.Build.0 = Debug|Win32
		{991F2A51-FF21-42F6-909C-E673989D703D}.Release|x64.ActiveCfg = Release|x64
		{991F2A51-FF21-42F6-909C-E673989D703D}.Release|x64.Build.0 = Release|x64
		{991F2A51-FF21-42F6-909C-E673989D703D}.Release|x86.ActiveCfg = Release|Win32
		{991F2A51-FF21-42F6-909C-E673989D703D}.Release|x86.Build.0 = Release|Win32
		{10C79ACD-6603-4D9A-926B-134F4DEE5A3A}.Debug|x64.ActiveCfg = Debug|x64
		{10C79ACD-6603-4D9A-926B-134F4DEE5A3A}.Debug|x64.Build.0 = Debug|x64
		{10C79ACD-6603-4D9A-926B-134F4DEE5A3A}.Debug|x86.ActiveCfg = Debug|Win32
		{10C79ACD-6603-4D9A-926B-134F4DEE5A3A}.Debug|x86.Build.0 = Debug|Win32
		{10C79ACD-6603-4D9A-926B-134F4DEE5A3A}.Release|x64.ActiveCfg = Release|x64
		{10C79ACD-6603-4D9A-926B-134F4DEE5A3A}.Release|x64.Build.0 = Release|x64
		{10C79ACD-6603-4D9A-926B-134F4DEE5A3A}.Release|x86.ActiveCfg = Release|Win32
		{10C79ACD-6603-4D9A-926B-134F4DEE5A3A}.Release|x86.Build.0 = Release|Win32
		{8C288DF2-EADB-40AD-BA45-2BBF0AFA8829}.Debug|x64.ActiveCfg = Debug|x64
		{8C288DF2-EADB-40AD-BA45-2BBF0AFA8829}.Debug|x64.Build.0 = Debug|x64
		{8C288DF2-EADB-40AD-BA45-2BBF0AFA8829}.Debug|x86.ActiveCfg = Debug|Win32
		{8C288DF2-EADB-40AD-BA45-2BBF0AFA8829}.Debug|x86.Build.0 = Debug|Win32
		{8C288DF2-EADB-40AD-BA45-2BBF0AFA8829}.Release|x64.ActiveCfg = Release|x64
		{8C288DF2-EADB-40AD-BA45-2BBF0AFA8829}.Release|x64.Build.0 = Release|x64
		{8C288DF2-EADB-40AD-BA45-2BBF0AFA8829}.Release|x86.ActiveCfg = Release|Win32
		{8C288DF2-EADB-40AD-BA45-2BBF0AFA8829}.Release|x86.Build.0 = Release|Win32
		{1AEE4A83-7B48-4520-8083-0FE94F481552}.Debug|x64.ActiveCfg = Debug|x64
		{1AEE4A83-7B48-4520-8083-0FE94F481552}.Debug|x64.Build.0 = Debug|x64
		{1AEE4A83-7B48-4520-8083-0FE94F481552}.Debug|x86.ActiveCfg = Debug|Win32
		{1AEE4A83-7B48-4520-8083-0FE94F481552}.Debug|x86.Build.0 = Debug|Win32
		{1AEE4A83-7B48-4520-8083-0FE94F481552}.Release|x64.ActiveCfg = Release|x64
		{1AEE4A83-7B48-4520-8083-0FE94F481552}.Release|x64.Build.0 = Release|x64
		{1AEE4A83-7B48-4520-8083-0FE94F481552}.Release|x86.ActiveCfg = Release|Win32
		{1AEE4A83-7B48-4520-8083-0FE94F481552}.Release|x86.Build.0 = Release|Win32
	EndGlobalSection
	GlobalSection(SolutionProperties) = preSolution
		HideSolutionNode = FALSE
	EndGlobalSection
	GlobalSection(ExtensibilityGlobals) = postSolution
		SolutionGuid = {99EE43D0-0F04-4E36-807F-85639EE7DCB1}
	EndGlobalSection
EndGlobal
