
Microsoft Visual Studio Solution File, Format Version 12.00
# Visual Studio Version 16
VisualStudioVersion = 16.0.31702.278
MinimumVisualStudioVersion = 10.0.40219.1
Project("{8BC9CEB8-8B4A-11D0-8D11-00A0C91BC942}") = "task3", "task3\task3.vcxproj", "{74D8B4A5-B9DB-4320-8149-5D33DFFDC474}"
EndProject
Global
	GlobalSection(SolutionConfigurationPlatforms) = preSolution
		Debug|x64 = Debug|x64
		Debug|x86 = Debug|x86
		Release|x64 = Release|x64
		Release|x86 = Release|x86
	EndGlobalSection
	GlobalSection(ProjectConfigurationPlatforms) = postSolution
		{74D8B4A5-B9DB-4320-8149-5D33DFFDC474}.Debug|x64.ActiveCfg = Debug|x64
		{74D8B4A5-B9DB-4320-8149-5D33DFFDC474}.Debug|x64.Build.0 = Debug|x64
		{74D8B4A5-B9DB-4320-8149-5D33DFFDC474}.Debug|x86.ActiveCfg = Debug|Win32
		{74D8B4A5-B9DB-4320-8149-5D33DFFDC474}.Debug|x86.Build.0 = Debug|Win32
		{74D8B4A5-B9DB-4320-8149-5D33DFFDC474}.Release|x64.ActiveCfg = Release|x64
		{74D8B4A5-B9DB-4320-8149-5D33DFFDC474}.Release|x64.Build.0 = Release|x64
		{74D8B4A5-B9DB-4320-8149-5D33DFFDC474}.Release|x86.ActiveCfg = Release|Win32
		{74D8B4A5-B9DB-4320-8149-5D33DFFDC474}.Release|x86.Build.0 = Release|Win32
	EndGlobalSection
	GlobalSection(SolutionProperties) = preSolution
		HideSolutionNode = FALSE
	EndGlobalSection
	GlobalSection(ExtensibilityGlobals) = postSolution
		SolutionGuid = {1747223B-5CF8-4B32-B054-AB4E17027527}
	EndGlobalSection
EndGlobal
